
Microsoft Visual Studio Solution File, Format Version 12.00
# Visual Studio Version 16
VisualStudioVersion = 16.0.29920.165
MinimumVisualStudioVersion = 10.0.40219.1
Project("{FAE04EC0-301F-11D3-BF4B-00C04F79EFBC}") = "CloudAPIsEindopdracht-MaximeMinta", "CloudAPIsEindopdracht-MaximeMinta\CloudAPIsEindopdracht-MaximeMinta.csproj", "{0DA22176-6631-4AC5-82D4-6EE4650C808E}"
EndProject
Global
	GlobalSection(SolutionConfigurationPlatforms) = preSolution
		Debug|Any CPU = Debug|Any CPU
		Release|Any CPU = Release|Any CPU
	EndGlobalSection
	GlobalSection(ProjectConfigurationPlatforms) = postSolution
		{0DA22176-6631-4AC5-82D4-6EE4650C808E}.Debug|Any CPU.ActiveCfg = Debug|Any CPU
		{0DA22176-6631-4AC5-82D4-6EE4650C808E}.Debug|Any CPU.Build.0 = Debug|Any CPU
		{0DA22176-6631-4AC5-82D4-6EE4650C808E}.Release|Any CPU.ActiveCfg = Release|Any CPU
		{0DA22176-6631-4AC5-82D4-6EE4650C808E}.Release|Any CPU.Build.0 = Release|Any CPU
	EndGlobalSection
	GlobalSection(SolutionProperties) = preSolution
		HideSolutionNode = FALSE
	EndGlobalSection
	GlobalSection(ExtensibilityGlobals) = postSolution
		SolutionGuid = {47E0F5A6-1177-41DB-80C7-4426E1910296}
	EndGlobalSection
EndGlobal
