
Microsoft Visual Studio Solution File, Format Version 12.00
# Visual Studio Version 16
VisualStudioVersion = 16.0.29920.165
MinimumVisualStudioVersion = 10.0.40219.1
Project("{FAE04EC0-301F-11D3-BF4B-00C04F79EFBC}") = "ProjectCloudAPIsMaximeMinta", "ProjectCloudAPIsMaximeMinta\ProjectCloudAPIsMaximeMinta.csproj", "{ADF2E21C-1AD4-4EE5-B097-4CEA4061DED5}"
EndProject
Global
	GlobalSection(SolutionConfigurationPlatforms) = preSolution
		Debug|Any CPU = Debug|Any CPU
		Release|Any CPU = Release|Any CPU
	EndGlobalSection
	GlobalSection(ProjectConfigurationPlatforms) = postSolution
		{ADF2E21C-1AD4-4EE5-B097-4CEA4061DED5}.Debug|Any CPU.ActiveCfg = Debug|Any CPU
		{ADF2E21C-1AD4-4EE5-B097-4CEA4061DED5}.Debug|Any CPU.Build.0 = Debug|Any CPU
		{ADF2E21C-1AD4-4EE5-B097-4CEA4061DED5}.Release|Any CPU.ActiveCfg = Release|Any CPU
		{ADF2E21C-1AD4-4EE5-B097-4CEA4061DED5}.Release|Any CPU.Build.0 = Release|Any CPU
	EndGlobalSection
	GlobalSection(SolutionProperties) = preSolution
		HideSolutionNode = FALSE
	EndGlobalSection
	GlobalSection(ExtensibilityGlobals) = postSolution
		SolutionGuid = {466CFA61-F6AB-40DA-9096-62D7B5F2C517}
	EndGlobalSection
EndGlobal
